// !$*UTF8*$!
{
	archiveVersion = 1;
	classes = {
	};
	objectVersion = 46;
	objects = {

/* Begin PBXBuildFile section */
		0A52EB648E46914BBF67D73A /* Pods_Recipes_VNRecipes_Dev.framework in Frameworks */ = {isa = PBXBuildFile; fileRef = EBA5CB3670B38746BB663A46 /* Pods_Recipes_VNRecipes_Dev.framework */; };
		A38D479C63AB4C12B693FE8A /* Pods_Recipes_VNRecipes.framework in Frameworks */ = {isa = PBXBuildFile; fileRef = ADAD95A749BCEDEA54FA0F54 /* Pods_Recipes_VNRecipes.framework */; };
		CD0700371E237E3B00624F23 /* HomeDetailViewController.swift in Sources */ = {isa = PBXBuildFile; fileRef = CD0700361E237E3B00624F23 /* HomeDetailViewController.swift */; };
		CD0700381E237E3B00624F23 /* HomeDetailViewController.swift in Sources */ = {isa = PBXBuildFile; fileRef = CD0700361E237E3B00624F23 /* HomeDetailViewController.swift */; };
		CD07003A1E237EE600624F23 /* Recipe.storyboard in Resources */ = {isa = PBXBuildFile; fileRef = CD0700391E237EE600624F23 /* Recipe.storyboard */; };
		CD07003B1E237EE600624F23 /* Recipe.storyboard in Resources */ = {isa = PBXBuildFile; fileRef = CD0700391E237EE600624F23 /* Recipe.storyboard */; };
		CD4006821E24D8A400179D42 /* RecipeDetailTextCell.swift in Sources */ = {isa = PBXBuildFile; fileRef = CD4006801E24D8A400179D42 /* RecipeDetailTextCell.swift */; };
		CD4006831E24D8A400179D42 /* RecipeDetailTextCell.swift in Sources */ = {isa = PBXBuildFile; fileRef = CD4006801E24D8A400179D42 /* RecipeDetailTextCell.swift */; };
		CD4006841E24D8A400179D42 /* RecipeDetailTextCell.xib in Resources */ = {isa = PBXBuildFile; fileRef = CD4006811E24D8A400179D42 /* RecipeDetailTextCell.xib */; };
		CD4006851E24D8A400179D42 /* RecipeDetailTextCell.xib in Resources */ = {isa = PBXBuildFile; fileRef = CD4006811E24D8A400179D42 /* RecipeDetailTextCell.xib */; };
		CD4006881E24D8BF00179D42 /* RecipeDetailImageCell.swift in Sources */ = {isa = PBXBuildFile; fileRef = CD4006861E24D8BF00179D42 /* RecipeDetailImageCell.swift */; };
		CD4006891E24D8BF00179D42 /* RecipeDetailImageCell.swift in Sources */ = {isa = PBXBuildFile; fileRef = CD4006861E24D8BF00179D42 /* RecipeDetailImageCell.swift */; };
		CD40068A1E24D8BF00179D42 /* RecipeDetailImageCell.xib in Resources */ = {isa = PBXBuildFile; fileRef = CD4006871E24D8BF00179D42 /* RecipeDetailImageCell.xib */; };
		CD40068B1E24D8BF00179D42 /* RecipeDetailImageCell.xib in Resources */ = {isa = PBXBuildFile; fileRef = CD4006871E24D8BF00179D42 /* RecipeDetailImageCell.xib */; };
		CD40068D1E24E1DF00179D42 /* Utils.swift in Sources */ = {isa = PBXBuildFile; fileRef = CD40068C1E24E1DF00179D42 /* Utils.swift */; };
		CD40068E1E24E1DF00179D42 /* Utils.swift in Sources */ = {isa = PBXBuildFile; fileRef = CD40068C1E24E1DF00179D42 /* Utils.swift */; };
		CD4006901E24E5CA00179D42 /* RecipeContent.swift in Sources */ = {isa = PBXBuildFile; fileRef = CD40068F1E24E5CA00179D42 /* RecipeContent.swift */; };
		CD4006911E24E5CA00179D42 /* RecipeContent.swift in Sources */ = {isa = PBXBuildFile; fileRef = CD40068F1E24E5CA00179D42 /* RecipeContent.swift */; };
		CD507E2E1DE82A9B00E57F48 /* LaunchScreen.storyboard in Resources */ = {isa = PBXBuildFile; fileRef = CD507E2C1DE82A9B00E57F48 /* LaunchScreen.storyboard */; };
		CD628BCA1E24BB4300EBF72B /* VNRecipes Dev-Info.plist in Resources */ = {isa = PBXBuildFile; fileRef = CD628BC91E24BB4300EBF72B /* VNRecipes Dev-Info.plist */; };
		F34C73E81E1558E6005C4D99 /* Main.storyboard in Resources */ = {isa = PBXBuildFile; fileRef = F34C73E71E1558E6005C4D99 /* Main.storyboard */; };
		F34C73EB1E1558F2005C4D99 /* AppDelegate.swift in Sources */ = {isa = PBXBuildFile; fileRef = F34C73E91E1558F2005C4D99 /* AppDelegate.swift */; };
		F34C73EC1E1558F2005C4D99 /* Info.plist in Resources */ = {isa = PBXBuildFile; fileRef = F34C73EA1E1558F2005C4D99 /* Info.plist */; };
		F34C73EE1E1558FB005C4D99 /* Assets.xcassets in Resources */ = {isa = PBXBuildFile; fileRef = F34C73ED1E1558FB005C4D99 /* Assets.xcassets */; };
		F34C73EF1E155F88005C4D99 /* AppDelegate.swift in Sources */ = {isa = PBXBuildFile; fileRef = F34C73E91E1558F2005C4D99 /* AppDelegate.swift */; };
		F34C73F01E155F9A005C4D99 /* Main.storyboard in Resources */ = {isa = PBXBuildFile; fileRef = F34C73E71E1558E6005C4D99 /* Main.storyboard */; };
		F34C73F41E1561AA005C4D99 /* HomeViewController.swift in Sources */ = {isa = PBXBuildFile; fileRef = F34C73F31E1561AA005C4D99 /* HomeViewController.swift */; };
		F34C73F51E1561AA005C4D99 /* HomeViewController.swift in Sources */ = {isa = PBXBuildFile; fileRef = F34C73F31E1561AA005C4D99 /* HomeViewController.swift */; };
		F34C73F61E15668F005C4D99 /* Assets.xcassets in Resources */ = {isa = PBXBuildFile; fileRef = F34C73ED1E1558FB005C4D99 /* Assets.xcassets */; };
		F34C73FA1E156947005C4D99 /* Localizable.strings in Resources */ = {isa = PBXBuildFile; fileRef = F34C73FD1E156947005C4D99 /* Localizable.strings */; };
		F34C73FB1E156947005C4D99 /* Localizable.strings in Resources */ = {isa = PBXBuildFile; fileRef = F34C73FD1E156947005C4D99 /* Localizable.strings */; };
		F34C74001E156A20005C4D99 /* UIViewController.swift in Sources */ = {isa = PBXBuildFile; fileRef = F34C73FF1E156A20005C4D99 /* UIViewController.swift */; };
		F34C74011E156A20005C4D99 /* UIViewController.swift in Sources */ = {isa = PBXBuildFile; fileRef = F34C73FF1E156A20005C4D99 /* UIViewController.swift */; };
		F34C74031E156B00005C4D99 /* Constants.swift in Sources */ = {isa = PBXBuildFile; fileRef = F34C74021E156B00005C4D99 /* Constants.swift */; };
		F34C74041E156B00005C4D99 /* Constants.swift in Sources */ = {isa = PBXBuildFile; fileRef = F34C74021E156B00005C4D99 /* Constants.swift */; };
		F34C74061E156B8B005C4D99 /* UILabel.swift in Sources */ = {isa = PBXBuildFile; fileRef = F34C74051E156B8B005C4D99 /* UILabel.swift */; };
		F34C74071E156B8B005C4D99 /* UILabel.swift in Sources */ = {isa = PBXBuildFile; fileRef = F34C74051E156B8B005C4D99 /* UILabel.swift */; };
		F34C74091E156C63005C4D99 /* String.swift in Sources */ = {isa = PBXBuildFile; fileRef = F34C74081E156C63005C4D99 /* String.swift */; };
		F34C740A1E156C63005C4D99 /* String.swift in Sources */ = {isa = PBXBuildFile; fileRef = F34C74081E156C63005C4D99 /* String.swift */; };
		F350374D1E21E378002B821B /* RoundedCornersView.swift in Sources */ = {isa = PBXBuildFile; fileRef = F350374C1E21E378002B821B /* RoundedCornersView.swift */; };
		F350374E1E21E378002B821B /* RoundedCornersView.swift in Sources */ = {isa = PBXBuildFile; fileRef = F350374C1E21E378002B821B /* RoundedCornersView.swift */; };
		F3783D491E19F518005FFBED /* BaseObject.swift in Sources */ = {isa = PBXBuildFile; fileRef = F3783D481E19F518005FFBED /* BaseObject.swift */; };
		F3783D4A1E19F518005FFBED /* BaseObject.swift in Sources */ = {isa = PBXBuildFile; fileRef = F3783D481E19F518005FFBED /* BaseObject.swift */; };
		F3783D4C1E19F6D3005FFBED /* TabBarObject.swift in Sources */ = {isa = PBXBuildFile; fileRef = F3783D4B1E19F6D3005FFBED /* TabBarObject.swift */; };
		F3783D4D1E19F6D3005FFBED /* TabBarObject.swift in Sources */ = {isa = PBXBuildFile; fileRef = F3783D4B1E19F6D3005FFBED /* TabBarObject.swift */; };
		F3783D4F1E1A0185005FFBED /* MainContainerTabBarController.swift in Sources */ = {isa = PBXBuildFile; fileRef = F3783D4E1E1A0185005FFBED /* MainContainerTabBarController.swift */; };
		F3783D501E1A0185005FFBED /* MainContainerTabBarController.swift in Sources */ = {isa = PBXBuildFile; fileRef = F3783D4E1E1A0185005FFBED /* MainContainerTabBarController.swift */; };
		F3783D511E1A058D005FFBED /* StaticData.swift in Sources */ = {isa = PBXBuildFile; fileRef = F37A6D271E17F679007E0591 /* StaticData.swift */; };
		F3783D531E1A0BD5005FFBED /* UIColor.swift in Sources */ = {isa = PBXBuildFile; fileRef = F3783D521E1A0BD5005FFBED /* UIColor.swift */; };
		F3783D541E1A0BD5005FFBED /* UIColor.swift in Sources */ = {isa = PBXBuildFile; fileRef = F3783D521E1A0BD5005FFBED /* UIColor.swift */; };
		F3783D561E1A1139005FFBED /* UIView.swift in Sources */ = {isa = PBXBuildFile; fileRef = F3783D551E1A1139005FFBED /* UIView.swift */; };
		F3783D571E1A1139005FFBED /* UIView.swift in Sources */ = {isa = PBXBuildFile; fileRef = F3783D551E1A1139005FFBED /* UIView.swift */; };
		F3783D591E1A1A86005FFBED /* DispatchQueue.swift in Sources */ = {isa = PBXBuildFile; fileRef = F3783D581E1A1A86005FFBED /* DispatchQueue.swift */; };
		F3783D5A1E1A1A86005FFBED /* DispatchQueue.swift in Sources */ = {isa = PBXBuildFile; fileRef = F3783D581E1A1A86005FFBED /* DispatchQueue.swift */; };
		F3783D5D1E1A3223005FFBED /* BaseViewController.swift in Sources */ = {isa = PBXBuildFile; fileRef = F3783D5C1E1A3223005FFBED /* BaseViewController.swift */; };
		F3783D5E1E1A3223005FFBED /* BaseViewController.swift in Sources */ = {isa = PBXBuildFile; fileRef = F3783D5C1E1A3223005FFBED /* BaseViewController.swift */; };
		F3783D601E1A3239005FFBED /* BaseNavigationController.swift in Sources */ = {isa = PBXBuildFile; fileRef = F3783D5F1E1A3239005FFBED /* BaseNavigationController.swift */; };
		F3783D611E1A3239005FFBED /* BaseNavigationController.swift in Sources */ = {isa = PBXBuildFile; fileRef = F3783D5F1E1A3239005FFBED /* BaseNavigationController.swift */; };
		F3783D631E1A3964005FFBED /* BaseTabBarController.swift in Sources */ = {isa = PBXBuildFile; fileRef = F3783D621E1A3964005FFBED /* BaseTabBarController.swift */; };
		F3783D641E1A3964005FFBED /* BaseTabBarController.swift in Sources */ = {isa = PBXBuildFile; fileRef = F3783D621E1A3964005FFBED /* BaseTabBarController.swift */; };
		F3783D661E1A3BCC005FFBED /* HomeNavigationController.swift in Sources */ = {isa = PBXBuildFile; fileRef = F3783D651E1A3BCC005FFBED /* HomeNavigationController.swift */; };
		F3783D671E1A3BCC005FFBED /* HomeNavigationController.swift in Sources */ = {isa = PBXBuildFile; fileRef = F3783D651E1A3BCC005FFBED /* HomeNavigationController.swift */; };
		F3783D6D1E1A3D95005FFBED /* HowToViewController.swift in Sources */ = {isa = PBXBuildFile; fileRef = F3783D6C1E1A3D95005FFBED /* HowToViewController.swift */; };
		F3783D6E1E1A3D95005FFBED /* HowToViewController.swift in Sources */ = {isa = PBXBuildFile; fileRef = F3783D6C1E1A3D95005FFBED /* HowToViewController.swift */; };
		F3783D701E1A3DCC005FFBED /* SearchViewController.swift in Sources */ = {isa = PBXBuildFile; fileRef = F3783D6F1E1A3DCC005FFBED /* SearchViewController.swift */; };
		F3783D711E1A3DCC005FFBED /* SearchViewController.swift in Sources */ = {isa = PBXBuildFile; fileRef = F3783D6F1E1A3DCC005FFBED /* SearchViewController.swift */; };
		F3783D731E1A3DFB005FFBED /* HealthViewController.swift in Sources */ = {isa = PBXBuildFile; fileRef = F3783D721E1A3DFB005FFBED /* HealthViewController.swift */; };
		F3783D741E1A3DFB005FFBED /* HealthViewController.swift in Sources */ = {isa = PBXBuildFile; fileRef = F3783D721E1A3DFB005FFBED /* HealthViewController.swift */; };
		F3783D761E1A3E54005FFBED /* AccountViewController.swift in Sources */ = {isa = PBXBuildFile; fileRef = F3783D751E1A3E54005FFBED /* AccountViewController.swift */; };
		F3783D771E1A3E54005FFBED /* AccountViewController.swift in Sources */ = {isa = PBXBuildFile; fileRef = F3783D751E1A3E54005FFBED /* AccountViewController.swift */; };
		F37A6D281E17F679007E0591 /* StaticData.swift in Sources */ = {isa = PBXBuildFile; fileRef = F37A6D271E17F679007E0591 /* StaticData.swift */; };
		F37A6D301E17F75F007E0591 /* RESTContants.swift in Sources */ = {isa = PBXBuildFile; fileRef = F37A6D2A1E17F75F007E0591 /* RESTContants.swift */; };
		F37A6D311E17F75F007E0591 /* RESTContants.swift in Sources */ = {isa = PBXBuildFile; fileRef = F37A6D2A1E17F75F007E0591 /* RESTContants.swift */; };
		F37A6D321E17F75F007E0591 /* RESTError.swift in Sources */ = {isa = PBXBuildFile; fileRef = F37A6D2B1E17F75F007E0591 /* RESTError.swift */; };
		F37A6D331E17F75F007E0591 /* RESTError.swift in Sources */ = {isa = PBXBuildFile; fileRef = F37A6D2B1E17F75F007E0591 /* RESTError.swift */; };
		F37A6D341E17F75F007E0591 /* RESTMultipart.swift in Sources */ = {isa = PBXBuildFile; fileRef = F37A6D2C1E17F75F007E0591 /* RESTMultipart.swift */; };
		F37A6D351E17F75F007E0591 /* RESTMultipart.swift in Sources */ = {isa = PBXBuildFile; fileRef = F37A6D2C1E17F75F007E0591 /* RESTMultipart.swift */; };
		F37A6D361E17F75F007E0591 /* RESTParam.swift in Sources */ = {isa = PBXBuildFile; fileRef = F37A6D2D1E17F75F007E0591 /* RESTParam.swift */; };
		F37A6D371E17F75F007E0591 /* RESTParam.swift in Sources */ = {isa = PBXBuildFile; fileRef = F37A6D2D1E17F75F007E0591 /* RESTParam.swift */; };
		F37A6D381E17F75F007E0591 /* RESTRequest.swift in Sources */ = {isa = PBXBuildFile; fileRef = F37A6D2E1E17F75F007E0591 /* RESTRequest.swift */; };
		F37A6D391E17F75F007E0591 /* RESTRequest.swift in Sources */ = {isa = PBXBuildFile; fileRef = F37A6D2E1E17F75F007E0591 /* RESTRequest.swift */; };
		F37A6D3A1E17F75F007E0591 /* RESTResponse.swift in Sources */ = {isa = PBXBuildFile; fileRef = F37A6D2F1E17F75F007E0591 /* RESTResponse.swift */; };
		F37A6D3B1E17F75F007E0591 /* RESTResponse.swift in Sources */ = {isa = PBXBuildFile; fileRef = F37A6D2F1E17F75F007E0591 /* RESTResponse.swift */; };
		F3B1991E1DF3FE32000D746F /* LaunchScreen.storyboard in Resources */ = {isa = PBXBuildFile; fileRef = CD507E2C1DE82A9B00E57F48 /* LaunchScreen.storyboard */; };
		F3E0F6091E213739006DC55B /* Recipe.swift in Sources */ = {isa = PBXBuildFile; fileRef = F3E0F6081E213739006DC55B /* Recipe.swift */; };
		F3E0F60A1E213739006DC55B /* Recipe.swift in Sources */ = {isa = PBXBuildFile; fileRef = F3E0F6081E213739006DC55B /* Recipe.swift */; };
		F3E0F60D1E2137FF006DC55B /* RecipeAPI.swift in Sources */ = {isa = PBXBuildFile; fileRef = F3E0F60C1E2137FF006DC55B /* RecipeAPI.swift */; };
		F3E0F60E1E2137FF006DC55B /* RecipeAPI.swift in Sources */ = {isa = PBXBuildFile; fileRef = F3E0F60C1E2137FF006DC55B /* RecipeAPI.swift */; };
		F3E0F6121E2142E6006DC55B /* BaseCollectionViewCell.swift in Sources */ = {isa = PBXBuildFile; fileRef = F3E0F6111E2142E6006DC55B /* BaseCollectionViewCell.swift */; };
		F3E0F6131E2142E6006DC55B /* BaseCollectionViewCell.swift in Sources */ = {isa = PBXBuildFile; fileRef = F3E0F6111E2142E6006DC55B /* BaseCollectionViewCell.swift */; };
		F3E0F6151E2142F5006DC55B /* BaseTableViewCell.swift in Sources */ = {isa = PBXBuildFile; fileRef = F3E0F6141E2142F5006DC55B /* BaseTableViewCell.swift */; };
		F3E0F6161E2142F5006DC55B /* BaseTableViewCell.swift in Sources */ = {isa = PBXBuildFile; fileRef = F3E0F6141E2142F5006DC55B /* BaseTableViewCell.swift */; };
		F3E0F6191E214329006DC55B /* RecipeCell.swift in Sources */ = {isa = PBXBuildFile; fileRef = F3E0F6171E214329006DC55B /* RecipeCell.swift */; };
		F3E0F61A1E214329006DC55B /* RecipeCell.swift in Sources */ = {isa = PBXBuildFile; fileRef = F3E0F6171E214329006DC55B /* RecipeCell.swift */; };
		F3E0F61B1E214329006DC55B /* RecipeCell.xib in Resources */ = {isa = PBXBuildFile; fileRef = F3E0F6181E214329006DC55B /* RecipeCell.xib */; };
		F3E0F61C1E214329006DC55B /* RecipeCell.xib in Resources */ = {isa = PBXBuildFile; fileRef = F3E0F6181E214329006DC55B /* RecipeCell.xib */; };
		F3E0F61E1E215FF6006DC55B /* UITableView.swift in Sources */ = {isa = PBXBuildFile; fileRef = F3E0F61D1E215FF6006DC55B /* UITableView.swift */; };
		F3E0F61F1E215FF6006DC55B /* UITableView.swift in Sources */ = {isa = PBXBuildFile; fileRef = F3E0F61D1E215FF6006DC55B /* UITableView.swift */; };
		F3E0F6211E2162B7006DC55B /* UICollectionView.swift in Sources */ = {isa = PBXBuildFile; fileRef = F3E0F6201E2162B7006DC55B /* UICollectionView.swift */; };
		F3E0F6221E2162B7006DC55B /* UICollectionView.swift in Sources */ = {isa = PBXBuildFile; fileRef = F3E0F6201E2162B7006DC55B /* UICollectionView.swift */; };
		F3E0F6241E216533006DC55B /* HomeViewControllerLayout.swift in Sources */ = {isa = PBXBuildFile; fileRef = F3E0F6231E216533006DC55B /* HomeViewControllerLayout.swift */; };
		F3E0F6251E216533006DC55B /* HomeViewControllerLayout.swift in Sources */ = {isa = PBXBuildFile; fileRef = F3E0F6231E216533006DC55B /* HomeViewControllerLayout.swift */; };
		F3F24F571E225FA500E0249E /* PinterestLayout.swift in Sources */ = {isa = PBXBuildFile; fileRef = F3F24F561E225FA500E0249E /* PinterestLayout.swift */; };
		F3F24F581E225FA600E0249E /* PinterestLayout.swift in Sources */ = {isa = PBXBuildFile; fileRef = F3F24F561E225FA500E0249E /* PinterestLayout.swift */; };
/* End PBXBuildFile section */

/* Begin PBXFileReference section */
		3D30D0ACEE541DD34F1B7539 /* Pods-Recipes-VNRecipes.debug.xcconfig */ = {isa = PBXFileReference; includeInIndex = 1; lastKnownFileType = text.xcconfig; name = "Pods-Recipes-VNRecipes.debug.xcconfig"; path = "Pods/Target Support Files/Pods-Recipes-VNRecipes/Pods-Recipes-VNRecipes.debug.xcconfig"; sourceTree = "<group>"; };
		9C9C3790AA8C3EEF2584EF1A /* Pods-Recipes-VNRecipes Dev.release.xcconfig */ = {isa = PBXFileReference; includeInIndex = 1; lastKnownFileType = text.xcconfig; name = "Pods-Recipes-VNRecipes Dev.release.xcconfig"; path = "Pods/Target Support Files/Pods-Recipes-VNRecipes Dev/Pods-Recipes-VNRecipes Dev.release.xcconfig"; sourceTree = "<group>"; };
		ADAD95A749BCEDEA54FA0F54 /* Pods_Recipes_VNRecipes.framework */ = {isa = PBXFileReference; explicitFileType = wrapper.framework; includeInIndex = 0; path = Pods_Recipes_VNRecipes.framework; sourceTree = BUILT_PRODUCTS_DIR; };
		CD0700361E237E3B00624F23 /* HomeDetailViewController.swift */ = {isa = PBXFileReference; fileEncoding = 4; lastKnownFileType = sourcecode.swift; path = HomeDetailViewController.swift; sourceTree = "<group>"; };
		CD0700391E237EE600624F23 /* Recipe.storyboard */ = {isa = PBXFileReference; fileEncoding = 4; lastKnownFileType = file.storyboard; path = Recipe.storyboard; sourceTree = "<group>"; };
		CD4006801E24D8A400179D42 /* RecipeDetailTextCell.swift */ = {isa = PBXFileReference; fileEncoding = 4; lastKnownFileType = sourcecode.swift; path = RecipeDetailTextCell.swift; sourceTree = "<group>"; };
		CD4006811E24D8A400179D42 /* RecipeDetailTextCell.xib */ = {isa = PBXFileReference; fileEncoding = 4; lastKnownFileType = file.xib; path = RecipeDetailTextCell.xib; sourceTree = "<group>"; };
		CD4006861E24D8BF00179D42 /* RecipeDetailImageCell.swift */ = {isa = PBXFileReference; fileEncoding = 4; lastKnownFileType = sourcecode.swift; path = RecipeDetailImageCell.swift; sourceTree = "<group>"; };
		CD4006871E24D8BF00179D42 /* RecipeDetailImageCell.xib */ = {isa = PBXFileReference; fileEncoding = 4; lastKnownFileType = file.xib; path = RecipeDetailImageCell.xib; sourceTree = "<group>"; };
		CD40068C1E24E1DF00179D42 /* Utils.swift */ = {isa = PBXFileReference; fileEncoding = 4; lastKnownFileType = sourcecode.swift; name = Utils.swift; path = VNRecipes/Views/Home/Utils.swift; sourceTree = SOURCE_ROOT; };
		CD40068F1E24E5CA00179D42 /* RecipeContent.swift */ = {isa = PBXFileReference; fileEncoding = 4; lastKnownFileType = sourcecode.swift; path = RecipeContent.swift; sourceTree = "<group>"; };
		CD507E201DE82A9A00E57F48 /* VNRecipes.app */ = {isa = PBXFileReference; explicitFileType = wrapper.application; includeInIndex = 0; path = VNRecipes.app; sourceTree = BUILT_PRODUCTS_DIR; };
		CD507E2D1DE82A9B00E57F48 /* Base */ = {isa = PBXFileReference; lastKnownFileType = file.storyboard; name = Base; path = Base.lproj/LaunchScreen.storyboard; sourceTree = "<group>"; };
		CD628BC91E24BB4300EBF72B /* VNRecipes Dev-Info.plist */ = {isa = PBXFileReference; fileEncoding = 4; lastKnownFileType = text.plist.xml; path = "VNRecipes Dev-Info.plist"; sourceTree = "<group>"; };
		E12E5B9B6E7AFFB65FC0DB1D /* Pods-Recipes-VNRecipes Dev.debug.xcconfig */ = {isa = PBXFileReference; includeInIndex = 1; lastKnownFileType = text.xcconfig; name = "Pods-Recipes-VNRecipes Dev.debug.xcconfig"; path = "Pods/Target Support Files/Pods-Recipes-VNRecipes Dev/Pods-Recipes-VNRecipes Dev.debug.xcconfig"; sourceTree = "<group>"; };
		E936645CE0B938B55E93A888 /* Pods-Recipes-VNRecipes.release.xcconfig */ = {isa = PBXFileReference; includeInIndex = 1; lastKnownFileType = text.xcconfig; name = "Pods-Recipes-VNRecipes.release.xcconfig"; path = "Pods/Target Support Files/Pods-Recipes-VNRecipes/Pods-Recipes-VNRecipes.release.xcconfig"; sourceTree = "<group>"; };
		EBA5CB3670B38746BB663A46 /* Pods_Recipes_VNRecipes_Dev.framework */ = {isa = PBXFileReference; explicitFileType = wrapper.framework; includeInIndex = 0; path = Pods_Recipes_VNRecipes_Dev.framework; sourceTree = BUILT_PRODUCTS_DIR; };
		F34C73E71E1558E6005C4D99 /* Main.storyboard */ = {isa = PBXFileReference; fileEncoding = 4; lastKnownFileType = file.storyboard; path = Main.storyboard; sourceTree = "<group>"; };
		F34C73E91E1558F2005C4D99 /* AppDelegate.swift */ = {isa = PBXFileReference; fileEncoding = 4; lastKnownFileType = sourcecode.swift; path = AppDelegate.swift; sourceTree = "<group>"; };
		F34C73EA1E1558F2005C4D99 /* Info.plist */ = {isa = PBXFileReference; fileEncoding = 4; lastKnownFileType = text.plist.xml; path = Info.plist; sourceTree = "<group>"; };
		F34C73ED1E1558FB005C4D99 /* Assets.xcassets */ = {isa = PBXFileReference; lastKnownFileType = folder.assetcatalog; path = Assets.xcassets; sourceTree = "<group>"; };
		F34C73F31E1561AA005C4D99 /* HomeViewController.swift */ = {isa = PBXFileReference; fileEncoding = 4; lastKnownFileType = sourcecode.swift; path = HomeViewController.swift; sourceTree = "<group>"; };
		F34C73FC1E156947005C4D99 /* Base */ = {isa = PBXFileReference; lastKnownFileType = text.plist.strings; name = Base; path = Base.lproj/Localizable.strings; sourceTree = "<group>"; };
		F34C73FE1E15695D005C4D99 /* en */ = {isa = PBXFileReference; lastKnownFileType = text.plist.strings; name = en; path = en.lproj/Localizable.strings; sourceTree = "<group>"; };
		F34C73FF1E156A20005C4D99 /* UIViewController.swift */ = {isa = PBXFileReference; fileEncoding = 4; lastKnownFileType = sourcecode.swift; path = UIViewController.swift; sourceTree = "<group>"; };
		F34C74021E156B00005C4D99 /* Constants.swift */ = {isa = PBXFileReference; fileEncoding = 4; lastKnownFileType = sourcecode.swift; path = Constants.swift; sourceTree = "<group>"; };
		F34C74051E156B8B005C4D99 /* UILabel.swift */ = {isa = PBXFileReference; fileEncoding = 4; lastKnownFileType = sourcecode.swift; path = UILabel.swift; sourceTree = "<group>"; };
		F34C74081E156C63005C4D99 /* String.swift */ = {isa = PBXFileReference; fileEncoding = 4; lastKnownFileType = sourcecode.swift; path = String.swift; sourceTree = "<group>"; };
		F350374C1E21E378002B821B /* RoundedCornersView.swift */ = {isa = PBXFileReference; fileEncoding = 4; lastKnownFileType = sourcecode.swift; path = RoundedCornersView.swift; sourceTree = "<group>"; };
		F3783D481E19F518005FFBED /* BaseObject.swift */ = {isa = PBXFileReference; fileEncoding = 4; lastKnownFileType = sourcecode.swift; path = BaseObject.swift; sourceTree = "<group>"; };
		F3783D4B1E19F6D3005FFBED /* TabBarObject.swift */ = {isa = PBXFileReference; fileEncoding = 4; lastKnownFileType = sourcecode.swift; path = TabBarObject.swift; sourceTree = "<group>"; };
		F3783D4E1E1A0185005FFBED /* MainContainerTabBarController.swift */ = {isa = PBXFileReference; fileEncoding = 4; lastKnownFileType = sourcecode.swift; path = MainContainerTabBarController.swift; sourceTree = "<group>"; };
		F3783D521E1A0BD5005FFBED /* UIColor.swift */ = {isa = PBXFileReference; fileEncoding = 4; lastKnownFileType = sourcecode.swift; path = UIColor.swift; sourceTree = "<group>"; };
		F3783D551E1A1139005FFBED /* UIView.swift */ = {isa = PBXFileReference; fileEncoding = 4; lastKnownFileType = sourcecode.swift; path = UIView.swift; sourceTree = "<group>"; };
		F3783D581E1A1A86005FFBED /* DispatchQueue.swift */ = {isa = PBXFileReference; fileEncoding = 4; lastKnownFileType = sourcecode.swift; path = DispatchQueue.swift; sourceTree = "<group>"; };
		F3783D5C1E1A3223005FFBED /* BaseViewController.swift */ = {isa = PBXFileReference; fileEncoding = 4; lastKnownFileType = sourcecode.swift; path = BaseViewController.swift; sourceTree = "<group>"; };
		F3783D5F1E1A3239005FFBED /* BaseNavigationController.swift */ = {isa = PBXFileReference; fileEncoding = 4; lastKnownFileType = sourcecode.swift; path = BaseNavigationController.swift; sourceTree = "<group>"; };
		F3783D621E1A3964005FFBED /* BaseTabBarController.swift */ = {isa = PBXFileReference; fileEncoding = 4; lastKnownFileType = sourcecode.swift; path = BaseTabBarController.swift; sourceTree = "<group>"; };
		F3783D651E1A3BCC005FFBED /* HomeNavigationController.swift */ = {isa = PBXFileReference; fileEncoding = 4; lastKnownFileType = sourcecode.swift; path = HomeNavigationController.swift; sourceTree = "<group>"; };
		F3783D6C1E1A3D95005FFBED /* HowToViewController.swift */ = {isa = PBXFileReference; fileEncoding = 4; lastKnownFileType = sourcecode.swift; path = HowToViewController.swift; sourceTree = "<group>"; };
		F3783D6F1E1A3DCC005FFBED /* SearchViewController.swift */ = {isa = PBXFileReference; fileEncoding = 4; lastKnownFileType = sourcecode.swift; path = SearchViewController.swift; sourceTree = "<group>"; };
		F3783D721E1A3DFB005FFBED /* HealthViewController.swift */ = {isa = PBXFileReference; fileEncoding = 4; lastKnownFileType = sourcecode.swift; path = HealthViewController.swift; sourceTree = "<group>"; };
		F3783D751E1A3E54005FFBED /* AccountViewController.swift */ = {isa = PBXFileReference; fileEncoding = 4; lastKnownFileType = sourcecode.swift; path = AccountViewController.swift; sourceTree = "<group>"; };
		F37A6D271E17F679007E0591 /* StaticData.swift */ = {isa = PBXFileReference; fileEncoding = 4; lastKnownFileType = sourcecode.swift; path = StaticData.swift; sourceTree = "<group>"; };
		F37A6D2A1E17F75F007E0591 /* RESTContants.swift */ = {isa = PBXFileReference; fileEncoding = 4; lastKnownFileType = sourcecode.swift; path = RESTContants.swift; sourceTree = "<group>"; };
		F37A6D2B1E17F75F007E0591 /* RESTError.swift */ = {isa = PBXFileReference; fileEncoding = 4; lastKnownFileType = sourcecode.swift; path = RESTError.swift; sourceTree = "<group>"; };
		F37A6D2C1E17F75F007E0591 /* RESTMultipart.swift */ = {isa = PBXFileReference; fileEncoding = 4; lastKnownFileType = sourcecode.swift; path = RESTMultipart.swift; sourceTree = "<group>"; };
		F37A6D2D1E17F75F007E0591 /* RESTParam.swift */ = {isa = PBXFileReference; fileEncoding = 4; lastKnownFileType = sourcecode.swift; path = RESTParam.swift; sourceTree = "<group>"; };
		F37A6D2E1E17F75F007E0591 /* RESTRequest.swift */ = {isa = PBXFileReference; fileEncoding = 4; lastKnownFileType = sourcecode.swift; path = RESTRequest.swift; sourceTree = "<group>"; };
		F37A6D2F1E17F75F007E0591 /* RESTResponse.swift */ = {isa = PBXFileReference; fileEncoding = 4; lastKnownFileType = sourcecode.swift; path = RESTResponse.swift; sourceTree = "<group>"; };
		F3B199241DF3FE32000D746F /* VNRecipes Dev.app */ = {isa = PBXFileReference; explicitFileType = wrapper.application; includeInIndex = 0; path = "VNRecipes Dev.app"; sourceTree = BUILT_PRODUCTS_DIR; };
		F3E0F6081E213739006DC55B /* Recipe.swift */ = {isa = PBXFileReference; fileEncoding = 4; lastKnownFileType = sourcecode.swift; path = Recipe.swift; sourceTree = "<group>"; };
		F3E0F60C1E2137FF006DC55B /* RecipeAPI.swift */ = {isa = PBXFileReference; fileEncoding = 4; lastKnownFileType = sourcecode.swift; path = RecipeAPI.swift; sourceTree = "<group>"; };
		F3E0F6111E2142E6006DC55B /* BaseCollectionViewCell.swift */ = {isa = PBXFileReference; fileEncoding = 4; lastKnownFileType = sourcecode.swift; path = BaseCollectionViewCell.swift; sourceTree = "<group>"; };
		F3E0F6141E2142F5006DC55B /* BaseTableViewCell.swift */ = {isa = PBXFileReference; fileEncoding = 4; lastKnownFileType = sourcecode.swift; path = BaseTableViewCell.swift; sourceTree = "<group>"; };
		F3E0F6171E214329006DC55B /* RecipeCell.swift */ = {isa = PBXFileReference; fileEncoding = 4; lastKnownFileType = sourcecode.swift; path = RecipeCell.swift; sourceTree = "<group>"; };
		F3E0F6181E214329006DC55B /* RecipeCell.xib */ = {isa = PBXFileReference; fileEncoding = 4; lastKnownFileType = file.xib; path = RecipeCell.xib; sourceTree = "<group>"; };
		F3E0F61D1E215FF6006DC55B /* UITableView.swift */ = {isa = PBXFileReference; fileEncoding = 4; lastKnownFileType = sourcecode.swift; path = UITableView.swift; sourceTree = "<group>"; };
		F3E0F6201E2162B7006DC55B /* UICollectionView.swift */ = {isa = PBXFileReference; fileEncoding = 4; lastKnownFileType = sourcecode.swift; path = UICollectionView.swift; sourceTree = "<group>"; };
		F3E0F6231E216533006DC55B /* HomeViewControllerLayout.swift */ = {isa = PBXFileReference; fileEncoding = 4; lastKnownFileType = sourcecode.swift; path = HomeViewControllerLayout.swift; sourceTree = "<group>"; };
		F3F24F561E225FA500E0249E /* PinterestLayout.swift */ = {isa = PBXFileReference; fileEncoding = 4; lastKnownFileType = sourcecode.swift; path = PinterestLayout.swift; sourceTree = "<group>"; };
/* End PBXFileReference section */

/* Begin PBXFrameworksBuildPhase section */
		CD507E1D1DE82A9A00E57F48 /* Frameworks */ = {
			isa = PBXFrameworksBuildPhase;
			buildActionMask = 2147483647;
			files = (
				A38D479C63AB4C12B693FE8A /* Pods_Recipes_VNRecipes.framework in Frameworks */,
			);
			runOnlyForDeploymentPostprocessing = 0;
		};
		F3B1991C1DF3FE32000D746F /* Frameworks */ = {
			isa = PBXFrameworksBuildPhase;
			buildActionMask = 2147483647;
			files = (
				0A52EB648E46914BBF67D73A /* Pods_Recipes_VNRecipes_Dev.framework in Frameworks */,
			);
			runOnlyForDeploymentPostprocessing = 0;
		};
/* End PBXFrameworksBuildPhase section */

/* Begin PBXGroup section */
		291CFD6073213B35812A02FC /* Pods */ = {
			isa = PBXGroup;
			children = (
				3D30D0ACEE541DD34F1B7539 /* Pods-Recipes-VNRecipes.debug.xcconfig */,
				E936645CE0B938B55E93A888 /* Pods-Recipes-VNRecipes.release.xcconfig */,
				E12E5B9B6E7AFFB65FC0DB1D /* Pods-Recipes-VNRecipes Dev.debug.xcconfig */,
				9C9C3790AA8C3EEF2584EF1A /* Pods-Recipes-VNRecipes Dev.release.xcconfig */,
			);
			name = Pods;
			sourceTree = "<group>";
		};
		ACFF0107751F86E975EF4DBA /* Frameworks */ = {
			isa = PBXGroup;
			children = (
				ADAD95A749BCEDEA54FA0F54 /* Pods_Recipes_VNRecipes.framework */,
				EBA5CB3670B38746BB663A46 /* Pods_Recipes_VNRecipes_Dev.framework */,
			);
			name = Frameworks;
			sourceTree = "<group>";
		};
		CD507E171DE82A9A00E57F48 = {
			isa = PBXGroup;
			children = (
				CD507E221DE82A9A00E57F48 /* VNRecipes */,
				CD507E211DE82A9A00E57F48 /* Products */,
				291CFD6073213B35812A02FC /* Pods */,
				ACFF0107751F86E975EF4DBA /* Frameworks */,
			);
			sourceTree = "<group>";
		};
		CD507E211DE82A9A00E57F48 /* Products */ = {
			isa = PBXGroup;
			children = (
				CD507E201DE82A9A00E57F48 /* VNRecipes.app */,
				F3B199241DF3FE32000D746F /* VNRecipes Dev.app */,
			);
			name = Products;
			sourceTree = "<group>";
		};
		CD507E221DE82A9A00E57F48 /* VNRecipes */ = {
			isa = PBXGroup;
			children = (
				CD628BC91E24BB4300EBF72B /* VNRecipes Dev-Info.plist */,
				F34C73E21E1557E4005C4D99 /* Supporting Files */,
				F34C73DD1E155260005C4D99 /* Shared */,
				F34C73DC1E155259005C4D99 /* Models */,
				F34C73DB1E155251005C4D99 /* StoryBoards */,
				F34C73DA1E15524D005C4D99 /* Views */,
				F34C73D91E155247005C4D99 /* Controllers */,
				CD507E2C1DE82A9B00E57F48 /* LaunchScreen.storyboard */,
			);
			path = VNRecipes;
			sourceTree = "<group>";
		};
		F34C73D91E155247005C4D99 /* Controllers */ = {
			isa = PBXGroup;
			children = (
				F3783D6B1E1A3D64005FFBED /* Account */,
				F3783D6A1E1A3D20005FFBED /* Health */,
				F3783D691E1A3D0C005FFBED /* Search */,
				F3783D681E1A3CFF005FFBED /* HowTo */,
				F3783D5B1E1A318C005FFBED /* Base */,
				F34C73F21E156157005C4D99 /* Home */,
			);
			path = Controllers;
			sourceTree = "<group>";
		};
		F34C73DA1E15524D005C4D99 /* Views */ = {
			isa = PBXGroup;
			children = (
				F3E0F6101E2142CF006DC55B /* Base */,
				F3E0F60F1E21429C006DC55B /* Home */,
			);
			path = Views;
			sourceTree = "<group>";
		};
		F34C73DB1E155251005C4D99 /* StoryBoards */ = {
			isa = PBXGroup;
			children = (
				F34C73E71E1558E6005C4D99 /* Main.storyboard */,
				CD0700391E237EE600624F23 /* Recipe.storyboard */,
			);
			path = StoryBoards;
			sourceTree = "<group>";
		};
		F34C73DC1E155259005C4D99 /* Models */ = {
			isa = PBXGroup;
			children = (
				F3783D471E19F4EF005FFBED /* Home */,
				F3783D481E19F518005FFBED /* BaseObject.swift */,
			);
			path = Models;
			sourceTree = "<group>";
		};
		F34C73DD1E155260005C4D99 /* Shared */ = {
			isa = PBXGroup;
			children = (
				F37A6D261E17F641007E0591 /* StaticDataUI */,
				F37A6D231E17F557007E0591 /* API */,
				F34C73E11E155769005C4D99 /* Utilities */,
				F34C73E01E155751005C4D99 /* Resources */,
				F34C73DF1E15572F005C4D99 /* Extensions */,
				F34C73DE1E1556E4005C4D99 /* Constants */,
			);
			path = Shared;
			sourceTree = "<group>";
		};
		F34C73DE1E1556E4005C4D99 /* Constants */ = {
			isa = PBXGroup;
			children = (
				F34C74021E156B00005C4D99 /* Constants.swift */,
			);
			path = Constants;
			sourceTree = "<group>";
		};
		F34C73DF1E15572F005C4D99 /* Extensions */ = {
			isa = PBXGroup;
			children = (
				F34C73FF1E156A20005C4D99 /* UIViewController.swift */,
				F34C74051E156B8B005C4D99 /* UILabel.swift */,
				F34C74081E156C63005C4D99 /* String.swift */,
				F3783D521E1A0BD5005FFBED /* UIColor.swift */,
				F3783D551E1A1139005FFBED /* UIView.swift */,
				F3783D581E1A1A86005FFBED /* DispatchQueue.swift */,
				F3E0F61D1E215FF6006DC55B /* UITableView.swift */,
				F3E0F6201E2162B7006DC55B /* UICollectionView.swift */,
			);
			name = Extensions;
			path = Extentions;
			sourceTree = "<group>";
		};
		F34C73E01E155751005C4D99 /* Resources */ = {
			isa = PBXGroup;
			children = (
				F34C73ED1E1558FB005C4D99 /* Assets.xcassets */,
				F34C73FD1E156947005C4D99 /* Localizable.strings */,
			);
			path = Resources;
			sourceTree = "<group>";
		};
		F34C73E11E155769005C4D99 /* Utilities */ = {
			isa = PBXGroup;
			children = (
				CD40068C1E24E1DF00179D42 /* Utils.swift */,
			);
			path = Utilities;
			sourceTree = "<group>";
		};
		F34C73E21E1557E4005C4D99 /* Supporting Files */ = {
			isa = PBXGroup;
			children = (
				F34C73E91E1558F2005C4D99 /* AppDelegate.swift */,
				F34C73EA1E1558F2005C4D99 /* Info.plist */,
			);
			path = "Supporting Files";
			sourceTree = "<group>";
		};
		F34C73F21E156157005C4D99 /* Home */ = {
			isa = PBXGroup;
			children = (
				F3F24F561E225FA500E0249E /* PinterestLayout.swift */,
				F34C73F31E1561AA005C4D99 /* HomeViewController.swift */,
				F3783D4E1E1A0185005FFBED /* MainContainerTabBarController.swift */,
				F3783D651E1A3BCC005FFBED /* HomeNavigationController.swift */,
				F3E0F6231E216533006DC55B /* HomeViewControllerLayout.swift */,
				CD0700361E237E3B00624F23 /* HomeDetailViewController.swift */,
			);
			path = Home;
			sourceTree = "<group>";
		};
		F3783D471E19F4EF005FFBED /* Home */ = {
			isa = PBXGroup;
			children = (
				F3E0F6081E213739006DC55B /* Recipe.swift */,
				F3783D4B1E19F6D3005FFBED /* TabBarObject.swift */,
				CD40068F1E24E5CA00179D42 /* RecipeContent.swift */,
			);
			path = Home;
			sourceTree = "<group>";
		};
		F3783D5B1E1A318C005FFBED /* Base */ = {
			isa = PBXGroup;
			children = (
				F3783D5C1E1A3223005FFBED /* BaseViewController.swift */,
				F3783D5F1E1A3239005FFBED /* BaseNavigationController.swift */,
				F3783D621E1A3964005FFBED /* BaseTabBarController.swift */,
			);
			path = Base;
			sourceTree = "<group>";
		};
		F3783D681E1A3CFF005FFBED /* HowTo */ = {
			isa = PBXGroup;
			children = (
				F3783D6C1E1A3D95005FFBED /* HowToViewController.swift */,
			);
			path = HowTo;
			sourceTree = "<group>";
		};
		F3783D691E1A3D0C005FFBED /* Search */ = {
			isa = PBXGroup;
			children = (
				F3783D6F1E1A3DCC005FFBED /* SearchViewController.swift */,
			);
			path = Search;
			sourceTree = "<group>";
		};
		F3783D6A1E1A3D20005FFBED /* Health */ = {
			isa = PBXGroup;
			children = (
				F3783D721E1A3DFB005FFBED /* HealthViewController.swift */,
			);
			path = Health;
			sourceTree = "<group>";
		};
		F3783D6B1E1A3D64005FFBED /* Account */ = {
			isa = PBXGroup;
			children = (
				F3783D751E1A3E54005FFBED /* AccountViewController.swift */,
			);
			path = Account;
			sourceTree = "<group>";
		};
		F37A6D231E17F557007E0591 /* API */ = {
			isa = PBXGroup;
			children = (
				F37A6D251E17F57D007E0591 /* Webservices */,
				F37A6D241E17F569007E0591 /* Database */,
			);
			path = API;
			sourceTree = "<group>";
		};
		F37A6D241E17F569007E0591 /* Database */ = {
			isa = PBXGroup;
			children = (
			);
			path = Database;
			sourceTree = "<group>";
		};
		F37A6D251E17F57D007E0591 /* Webservices */ = {
			isa = PBXGroup;
			children = (
				F3E0F60B1E2137EC006DC55B /* Home */,
				F37A6D291E17F747007E0591 /* Base */,
			);
			path = Webservices;
			sourceTree = "<group>";
		};
		F37A6D261E17F641007E0591 /* StaticDataUI */ = {
			isa = PBXGroup;
			children = (
				F37A6D271E17F679007E0591 /* StaticData.swift */,
			);
			path = StaticDataUI;
			sourceTree = "<group>";
		};
		F37A6D291E17F747007E0591 /* Base */ = {
			isa = PBXGroup;
			children = (
				F37A6D2A1E17F75F007E0591 /* RESTContants.swift */,
				F37A6D2B1E17F75F007E0591 /* RESTError.swift */,
				F37A6D2C1E17F75F007E0591 /* RESTMultipart.swift */,
				F37A6D2D1E17F75F007E0591 /* RESTParam.swift */,
				F37A6D2E1E17F75F007E0591 /* RESTRequest.swift */,
				F37A6D2F1E17F75F007E0591 /* RESTResponse.swift */,
			);
			path = Base;
			sourceTree = "<group>";
		};
		F3E0F60B1E2137EC006DC55B /* Home */ = {
			isa = PBXGroup;
			children = (
				F3E0F60C1E2137FF006DC55B /* RecipeAPI.swift */,
			);
			path = Home;
			sourceTree = "<group>";
		};
		F3E0F60F1E21429C006DC55B /* Home */ = {
			isa = PBXGroup;
			children = (
				F3E0F6171E214329006DC55B /* RecipeCell.swift */,
				F3E0F6181E214329006DC55B /* RecipeCell.xib */,
				F350374C1E21E378002B821B /* RoundedCornersView.swift */,
				CD4006801E24D8A400179D42 /* RecipeDetailTextCell.swift */,
				CD4006811E24D8A400179D42 /* RecipeDetailTextCell.xib */,
				CD4006861E24D8BF00179D42 /* RecipeDetailImageCell.swift */,
				CD4006871E24D8BF00179D42 /* RecipeDetailImageCell.xib */,
			);
			path = Home;
			sourceTree = "<group>";
		};
		F3E0F6101E2142CF006DC55B /* Base */ = {
			isa = PBXGroup;
			children = (
				F3E0F6111E2142E6006DC55B /* BaseCollectionViewCell.swift */,
				F3E0F6141E2142F5006DC55B /* BaseTableViewCell.swift */,
			);
			path = Base;
			sourceTree = "<group>";
		};
/* End PBXGroup section */

/* Begin PBXNativeTarget section */
		CD507E1F1DE82A9A00E57F48 /* VNRecipes */ = {
			isa = PBXNativeTarget;
			buildConfigurationList = CD507E321DE82A9B00E57F48 /* Build configuration list for PBXNativeTarget "VNRecipes" */;
			buildPhases = (
				7BB5673592ED7690AC3863C2 /* [CP] Check Pods Manifest.lock */,
				CD507E1C1DE82A9A00E57F48 /* Sources */,
				CD507E1D1DE82A9A00E57F48 /* Frameworks */,
				CD507E1E1DE82A9A00E57F48 /* Resources */,
				49DBDCAC25523A39E640377A /* [CP] Embed Pods Frameworks */,
				A1A36F5F3EDAA861E43B58D3 /* [CP] Copy Pods Resources */,
			);
			buildRules = (
			);
			dependencies = (
			);
			name = VNRecipes;
			productName = VNRecipes;
			productReference = CD507E201DE82A9A00E57F48 /* VNRecipes.app */;
			productType = "com.apple.product-type.application";
		};
		F3B199181DF3FE32000D746F /* VNRecipes Dev */ = {
			isa = PBXNativeTarget;
			buildConfigurationList = F3B199211DF3FE32000D746F /* Build configuration list for PBXNativeTarget "VNRecipes Dev" */;
			buildPhases = (
				E038635543E844BA910705D1 /* [CP] Check Pods Manifest.lock */,
				F3B199191DF3FE32000D746F /* Sources */,
				F3B1991C1DF3FE32000D746F /* Frameworks */,
				F3B1991D1DF3FE32000D746F /* Resources */,
				5C7F6D8D34AFA173ED410459 /* [CP] Embed Pods Frameworks */,
				D13298AEEB24710552F9DFF4 /* [CP] Copy Pods Resources */,
			);
			buildRules = (
			);
			dependencies = (
			);
			name = "VNRecipes Dev";
			productName = VNRecipes;
			productReference = F3B199241DF3FE32000D746F /* VNRecipes Dev.app */;
			productType = "com.apple.product-type.application";
		};
/* End PBXNativeTarget section */

/* Begin PBXProject section */
		CD507E181DE82A9A00E57F48 /* Project object */ = {
			isa = PBXProject;
			attributes = {
				LastSwiftUpdateCheck = 0800;
				LastUpgradeCheck = 0800;
				ORGANIZATIONNAME = "Hung Thai";
				TargetAttributes = {
					CD507E1F1DE82A9A00E57F48 = {
						CreatedOnToolsVersion = 8.0;
						DevelopmentTeam = JPES8SV6LU;
						LastSwiftMigration = 0820;
						ProvisioningStyle = Automatic;
					};
					F3B199181DF3FE32000D746F = {
						DevelopmentTeam = JPES8SV6LU;
						ProvisioningStyle = Automatic;
					};
				};
			};
			buildConfigurationList = CD507E1B1DE82A9A00E57F48 /* Build configuration list for PBXProject "VNRecipes" */;
			compatibilityVersion = "Xcode 3.2";
			developmentRegion = English;
			hasScannedForEncodings = 0;
			knownRegions = (
				en,
				Base,
			);
			mainGroup = CD507E171DE82A9A00E57F48;
			productRefGroup = CD507E211DE82A9A00E57F48 /* Products */;
			projectDirPath = "";
			projectRoot = "";
			targets = (
				CD507E1F1DE82A9A00E57F48 /* VNRecipes */,
				F3B199181DF3FE32000D746F /* VNRecipes Dev */,
			);
		};
/* End PBXProject section */

/* Begin PBXResourcesBuildPhase section */
		CD507E1E1DE82A9A00E57F48 /* Resources */ = {
			isa = PBXResourcesBuildPhase;
			buildActionMask = 2147483647;
			files = (
				F34C73FA1E156947005C4D99 /* Localizable.strings in Resources */,
				CD628BCA1E24BB4300EBF72B /* VNRecipes Dev-Info.plist in Resources */,
				F3E0F61B1E214329006DC55B /* RecipeCell.xib in Resources */,
				CD07003A1E237EE600624F23 /* Recipe.storyboard in Resources */,
				CD40068A1E24D8BF00179D42 /* RecipeDetailImageCell.xib in Resources */,
				CD507E2E1DE82A9B00E57F48 /* LaunchScreen.storyboard in Resources */,
				F34C73E81E1558E6005C4D99 /* Main.storyboard in Resources */,
				F34C73EE1E1558FB005C4D99 /* Assets.xcassets in Resources */,
				F34C73EC1E1558F2005C4D99 /* Info.plist in Resources */,
				CD4006841E24D8A400179D42 /* RecipeDetailTextCell.xib in Resources */,
			);
			runOnlyForDeploymentPostprocessing = 0;
		};
		F3B1991D1DF3FE32000D746F /* Resources */ = {
			isa = PBXResourcesBuildPhase;
			buildActionMask = 2147483647;
			files = (
				CD40068B1E24D8BF00179D42 /* RecipeDetailImageCell.xib in Resources */,
				F3B1991E1DF3FE32000D746F /* LaunchScreen.storyboard in Resources */,
				CD4006851E24D8A400179D42 /* RecipeDetailTextCell.xib in Resources */,
				F34C73FB1E156947005C4D99 /* Localizable.strings in Resources */,
				F3E0F61C1E214329006DC55B /* RecipeCell.xib in Resources */,
				F34C73F61E15668F005C4D99 /* Assets.xcassets in Resources */,
				CD07003B1E237EE600624F23 /* Recipe.storyboard in Resources */,
				F34C73F01E155F9A005C4D99 /* Main.storyboard in Resources */,
			);
			runOnlyForDeploymentPostprocessing = 0;
		};
/* End PBXResourcesBuildPhase section */

/* Begin PBXShellScriptBuildPhase section */
		49DBDCAC25523A39E640377A /* [CP] Embed Pods Frameworks */ = {
			isa = PBXShellScriptBuildPhase;
			buildActionMask = 2147483647;
			files = (
			);
			inputPaths = (
			);
			name = "[CP] Embed Pods Frameworks";
			outputPaths = (
			);
			runOnlyForDeploymentPostprocessing = 0;
			shellPath = /bin/sh;
			shellScript = "\"${SRCROOT}/Pods/Target Support Files/Pods-Recipes-VNRecipes/Pods-Recipes-VNRecipes-frameworks.sh\"\n";
			showEnvVarsInLog = 0;
		};
		5C7F6D8D34AFA173ED410459 /* [CP] Embed Pods Frameworks */ = {
			isa = PBXShellScriptBuildPhase;
			buildActionMask = 2147483647;
			files = (
			);
			inputPaths = (
			);
			name = "[CP] Embed Pods Frameworks";
			outputPaths = (
			);
			runOnlyForDeploymentPostprocessing = 0;
			shellPath = /bin/sh;
			shellScript = "\"${SRCROOT}/Pods/Target Support Files/Pods-Recipes-VNRecipes Dev/Pods-Recipes-VNRecipes Dev-frameworks.sh\"\n";
			showEnvVarsInLog = 0;
		};
		7BB5673592ED7690AC3863C2 /* [CP] Check Pods Manifest.lock */ = {
			isa = PBXShellScriptBuildPhase;
			buildActionMask = 2147483647;
			files = (
			);
			inputPaths = (
			);
			name = "[CP] Check Pods Manifest.lock";
			outputPaths = (
			);
			runOnlyForDeploymentPostprocessing = 0;
			shellPath = /bin/sh;
			shellScript = "diff \"${PODS_ROOT}/../Podfile.lock\" \"${PODS_ROOT}/Manifest.lock\" > /dev/null\nif [ $? != 0 ] ; then\n    # print error to STDERR\n    echo \"error: The sandbox is not in sync with the Podfile.lock. Run 'pod install' or update your CocoaPods installation.\" >&2\n    exit 1\nfi\n";
			showEnvVarsInLog = 0;
		};
		A1A36F5F3EDAA861E43B58D3 /* [CP] Copy Pods Resources */ = {
			isa = PBXShellScriptBuildPhase;
			buildActionMask = 2147483647;
			files = (
			);
			inputPaths = (
			);
			name = "[CP] Copy Pods Resources";
			outputPaths = (
			);
			runOnlyForDeploymentPostprocessing = 0;
			shellPath = /bin/sh;
			shellScript = "\"${SRCROOT}/Pods/Target Support Files/Pods-Recipes-VNRecipes/Pods-Recipes-VNRecipes-resources.sh\"\n";
			showEnvVarsInLog = 0;
		};
		D13298AEEB24710552F9DFF4 /* [CP] Copy Pods Resources */ = {
			isa = PBXShellScriptBuildPhase;
			buildActionMask = 2147483647;
			files = (
			);
			inputPaths = (
			);
			name = "[CP] Copy Pods Resources";
			outputPaths = (
			);
			runOnlyForDeploymentPostprocessing = 0;
			shellPath = /bin/sh;
			shellScript = "\"${SRCROOT}/Pods/Target Support Files/Pods-Recipes-VNRecipes Dev/Pods-Recipes-VNRecipes Dev-resources.sh\"\n";
			showEnvVarsInLog = 0;
		};
		E038635543E844BA910705D1 /* [CP] Check Pods Manifest.lock */ = {
			isa = PBXShellScriptBuildPhase;
			buildActionMask = 2147483647;
			files = (
			);
			inputPaths = (
			);
			name = "[CP] Check Pods Manifest.lock";
			outputPaths = (
			);
			runOnlyForDeploymentPostprocessing = 0;
			shellPath = /bin/sh;
			shellScript = "diff \"${PODS_ROOT}/../Podfile.lock\" \"${PODS_ROOT}/Manifest.lock\" > /dev/null\nif [ $? != 0 ] ; then\n    # print error to STDERR\n    echo \"error: The sandbox is not in sync with the Podfile.lock. Run 'pod install' or update your CocoaPods installation.\" >&2\n    exit 1\nfi\n";
			showEnvVarsInLog = 0;
		};
/* End PBXShellScriptBuildPhase section */

/* Begin PBXSourcesBuildPhase section */
		CD507E1C1DE82A9A00E57F48 /* Sources */ = {
			isa = PBXSourcesBuildPhase;
			buildActionMask = 2147483647;
			files = (
				F3783D4C1E19F6D3005FFBED /* TabBarObject.swift in Sources */,
				CD4006901E24E5CA00179D42 /* RecipeContent.swift in Sources */,
				F37A6D381E17F75F007E0591 /* RESTRequest.swift in Sources */,
				F3E0F6241E216533006DC55B /* HomeViewControllerLayout.swift in Sources */,
				F34C74031E156B00005C4D99 /* Constants.swift in Sources */,
				F3E0F6191E214329006DC55B /* RecipeCell.swift in Sources */,
				F3F24F571E225FA500E0249E /* PinterestLayout.swift in Sources */,
				F3783D591E1A1A86005FFBED /* DispatchQueue.swift in Sources */,
				F37A6D301E17F75F007E0591 /* RESTContants.swift in Sources */,
				F3E0F6121E2142E6006DC55B /* BaseCollectionViewCell.swift in Sources */,
				F3783D5D1E1A3223005FFBED /* BaseViewController.swift in Sources */,
				F3783D631E1A3964005FFBED /* BaseTabBarController.swift in Sources */,
				F37A6D321E17F75F007E0591 /* RESTError.swift in Sources */,
				F3783D761E1A3E54005FFBED /* AccountViewController.swift in Sources */,
				F34C73EB1E1558F2005C4D99 /* AppDelegate.swift in Sources */,
				F3783D601E1A3239005FFBED /* BaseNavigationController.swift in Sources */,
				CD40068D1E24E1DF00179D42 /* Utils.swift in Sources */,
				F3783D4F1E1A0185005FFBED /* MainContainerTabBarController.swift in Sources */,
				F37A6D361E17F75F007E0591 /* RESTParam.swift in Sources */,
				F3783D6D1E1A3D95005FFBED /* HowToViewController.swift in Sources */,
				F3E0F6211E2162B7006DC55B /* UICollectionView.swift in Sources */,
				CD4006821E24D8A400179D42 /* RecipeDetailTextCell.swift in Sources */,
				F3783D661E1A3BCC005FFBED /* HomeNavigationController.swift in Sources */,
				F34C74001E156A20005C4D99 /* UIViewController.swift in Sources */,
				F3783D701E1A3DCC005FFBED /* SearchViewController.swift in Sources */,
				F37A6D3A1E17F75F007E0591 /* RESTResponse.swift in Sources */,
				F34C74091E156C63005C4D99 /* String.swift in Sources */,
				F350374D1E21E378002B821B /* RoundedCornersView.swift in Sources */,
				F3E0F6151E2142F5006DC55B /* BaseTableViewCell.swift in Sources */,
				F37A6D341E17F75F007E0591 /* RESTMultipart.swift in Sources */,
				F3E0F60D1E2137FF006DC55B /* RecipeAPI.swift in Sources */,
				F3783D561E1A1139005FFBED /* UIView.swift in Sources */,
				F3783D531E1A0BD5005FFBED /* UIColor.swift in Sources */,
				F3783D491E19F518005FFBED /* BaseObject.swift in Sources */,
				F3E0F6091E213739006DC55B /* Recipe.swift in Sources */,
				CD0700371E237E3B00624F23 /* HomeDetailViewController.swift in Sources */,
				F37A6D281E17F679007E0591 /* StaticData.swift in Sources */,
				F3E0F61E1E215FF6006DC55B /* UITableView.swift in Sources */,
				CD4006881E24D8BF00179D42 /* RecipeDetailImageCell.swift in Sources */,
				F34C74061E156B8B005C4D99 /* UILabel.swift in Sources */,
				F3783D731E1A3DFB005FFBED /* HealthViewController.swift in Sources */,
				F34C73F41E1561AA005C4D99 /* HomeViewController.swift in Sources */,
			);
			runOnlyForDeploymentPostprocessing = 0;
		};
		F3B199191DF3FE32000D746F /* Sources */ = {
			isa = PBXSourcesBuildPhase;
			buildActionMask = 2147483647;
			files = (
				F34C74041E156B00005C4D99 /* Constants.swift in Sources */,
				CD4006911E24E5CA00179D42 /* RecipeContent.swift in Sources */,
				F34C73EF1E155F88005C4D99 /* AppDelegate.swift in Sources */,
				F3E0F6251E216533006DC55B /* HomeViewControllerLayout.swift in Sources */,
				F3783D5A1E1A1A86005FFBED /* DispatchQueue.swift in Sources */,
				F3E0F61A1E214329006DC55B /* RecipeCell.swift in Sources */,
				F3F24F581E225FA600E0249E /* PinterestLayout.swift in Sources */,
				F37A6D331E17F75F007E0591 /* RESTError.swift in Sources */,
				F37A6D3B1E17F75F007E0591 /* RESTResponse.swift in Sources */,
				F3E0F6131E2142E6006DC55B /* BaseCollectionViewCell.swift in Sources */,
				F3783D5E1E1A3223005FFBED /* BaseViewController.swift in Sources */,
				F3783D641E1A3964005FFBED /* BaseTabBarController.swift in Sources */,
				F34C74011E156A20005C4D99 /* UIViewController.swift in Sources */,
				F3783D771E1A3E54005FFBED /* AccountViewController.swift in Sources */,
				F3783D501E1A0185005FFBED /* MainContainerTabBarController.swift in Sources */,
				F3783D611E1A3239005FFBED /* BaseNavigationController.swift in Sources */,
				CD40068E1E24E1DF00179D42 /* Utils.swift in Sources */,
				F34C740A1E156C63005C4D99 /* String.swift in Sources */,
				F37A6D311E17F75F007E0591 /* RESTContants.swift in Sources */,
				F3783D6E1E1A3D95005FFBED /* HowToViewController.swift in Sources */,
				F3E0F6221E2162B7006DC55B /* UICollectionView.swift in Sources */,
				CD4006831E24D8A400179D42 /* RecipeDetailTextCell.swift in Sources */,
				F3783D671E1A3BCC005FFBED /* HomeNavigationController.swift in Sources */,
				F3783D511E1A058D005FFBED /* StaticData.swift in Sources */,
				F3783D711E1A3DCC005FFBED /* SearchViewController.swift in Sources */,
				F34C74071E156B8B005C4D99 /* UILabel.swift in Sources */,
				F37A6D351E17F75F007E0591 /* RESTMultipart.swift in Sources */,
				F350374E1E21E378002B821B /* RoundedCornersView.swift in Sources */,
				F3E0F6161E2142F5006DC55B /* BaseTableViewCell.swift in Sources */,
				F34C73F51E1561AA005C4D99 /* HomeViewController.swift in Sources */,
				F3E0F60E1E2137FF006DC55B /* RecipeAPI.swift in Sources */,
				F3783D571E1A1139005FFBED /* UIView.swift in Sources */,
				F3783D541E1A0BD5005FFBED /* UIColor.swift in Sources */,
				F3783D4A1E19F518005FFBED /* BaseObject.swift in Sources */,
				F3E0F60A1E213739006DC55B /* Recipe.swift in Sources */,
				CD0700381E237E3B00624F23 /* HomeDetailViewController.swift in Sources */,
				F37A6D371E17F75F007E0591 /* RESTParam.swift in Sources */,
				F3E0F61F1E215FF6006DC55B /* UITableView.swift in Sources */,
				CD4006891E24D8BF00179D42 /* RecipeDetailImageCell.swift in Sources */,
				F3783D4D1E19F6D3005FFBED /* TabBarObject.swift in Sources */,
				F3783D741E1A3DFB005FFBED /* HealthViewController.swift in Sources */,
				F37A6D391E17F75F007E0591 /* RESTRequest.swift in Sources */,
			);
			runOnlyForDeploymentPostprocessing = 0;
		};
/* End PBXSourcesBuildPhase section */

/* Begin PBXVariantGroup section */
		CD507E2C1DE82A9B00E57F48 /* LaunchScreen.storyboard */ = {
			isa = PBXVariantGroup;
			children = (
				CD507E2D1DE82A9B00E57F48 /* Base */,
			);
			name = LaunchScreen.storyboard;
			sourceTree = "<group>";
		};
		F34C73FD1E156947005C4D99 /* Localizable.strings */ = {
			isa = PBXVariantGroup;
			children = (
				F34C73FC1E156947005C4D99 /* Base */,
				F34C73FE1E15695D005C4D99 /* en */,
			);
			name = Localizable.strings;
			sourceTree = "<group>";
		};
/* End PBXVariantGroup section */

/* Begin XCBuildConfiguration section */
		CD507E301DE82A9B00E57F48 /* Debug */ = {
			isa = XCBuildConfiguration;
			buildSettings = {
				ALWAYS_SEARCH_USER_PATHS = NO;
				CLANG_ANALYZER_NONNULL = YES;
				CLANG_CXX_LANGUAGE_STANDARD = "gnu++0x";
				CLANG_CXX_LIBRARY = "libc++";
				CLANG_ENABLE_MODULES = YES;
				CLANG_ENABLE_OBJC_ARC = YES;
				CLANG_WARN_BOOL_CONVERSION = YES;
				CLANG_WARN_CONSTANT_CONVERSION = YES;
				CLANG_WARN_DIRECT_OBJC_ISA_USAGE = YES_ERROR;
				CLANG_WARN_DOCUMENTATION_COMMENTS = YES;
				CLANG_WARN_EMPTY_BODY = YES;
				CLANG_WARN_ENUM_CONVERSION = YES;
				CLANG_WARN_INFINITE_RECURSION = YES;
				CLANG_WARN_INT_CONVERSION = YES;
				CLANG_WARN_OBJC_ROOT_CLASS = YES_ERROR;
				CLANG_WARN_SUSPICIOUS_MOVES = YES;
				CLANG_WARN_UNREACHABLE_CODE = YES;
				CLANG_WARN__DUPLICATE_METHOD_MATCH = YES;
				"CODE_SIGN_IDENTITY[sdk=iphoneos*]" = "iPhone Developer";
				COPY_PHASE_STRIP = NO;
				DEBUG_INFORMATION_FORMAT = dwarf;
				ENABLE_STRICT_OBJC_MSGSEND = YES;
				ENABLE_TESTABILITY = YES;
				GCC_C_LANGUAGE_STANDARD = gnu99;
				GCC_DYNAMIC_NO_PIC = NO;
				GCC_NO_COMMON_BLOCKS = YES;
				GCC_OPTIMIZATION_LEVEL = 0;
				GCC_PREPROCESSOR_DEFINITIONS = (
					"DEBUG=1",
					"$(inherited)",
				);
				GCC_WARN_64_TO_32_BIT_CONVERSION = YES;
				GCC_WARN_ABOUT_RETURN_TYPE = YES_ERROR;
				GCC_WARN_UNDECLARED_SELECTOR = YES;
				GCC_WARN_UNINITIALIZED_AUTOS = YES_AGGRESSIVE;
				GCC_WARN_UNUSED_FUNCTION = YES;
				GCC_WARN_UNUSED_VARIABLE = YES;
				IPHONEOS_DEPLOYMENT_TARGET = 10.0;
				MTL_ENABLE_DEBUG_INFO = YES;
				ONLY_ACTIVE_ARCH = YES;
				OTHER_SWIFT_FLAGS = "";
				SDKROOT = iphoneos;
				SWIFT_ACTIVE_COMPILATION_CONDITIONS = DEBUG;
				SWIFT_OPTIMIZATION_LEVEL = "-Onone";
			};
			name = Debug;
		};
		CD507E311DE82A9B00E57F48 /* Release */ = {
			isa = XCBuildConfiguration;
			buildSettings = {
				ALWAYS_SEARCH_USER_PATHS = NO;
				CLANG_ANALYZER_NONNULL = YES;
				CLANG_CXX_LANGUAGE_STANDARD = "gnu++0x";
				CLANG_CXX_LIBRARY = "libc++";
				CLANG_ENABLE_MODULES = YES;
				CLANG_ENABLE_OBJC_ARC = YES;
				CLANG_WARN_BOOL_CONVERSION = YES;
				CLANG_WARN_CONSTANT_CONVERSION = YES;
				CLANG_WARN_DIRECT_OBJC_ISA_USAGE = YES_ERROR;
				CLANG_WARN_DOCUMENTATION_COMMENTS = YES;
				CLANG_WARN_EMPTY_BODY = YES;
				CLANG_WARN_ENUM_CONVERSION = YES;
				CLANG_WARN_INFINITE_RECURSION = YES;
				CLANG_WARN_INT_CONVERSION = YES;
				CLANG_WARN_OBJC_ROOT_CLASS = YES_ERROR;
				CLANG_WARN_SUSPICIOUS_MOVES = YES;
				CLANG_WARN_UNREACHABLE_CODE = YES;
				CLANG_WARN__DUPLICATE_METHOD_MATCH = YES;
				"CODE_SIGN_IDENTITY[sdk=iphoneos*]" = "iPhone Developer";
				COPY_PHASE_STRIP = NO;
				DEBUG_INFORMATION_FORMAT = "dwarf-with-dsym";
				ENABLE_NS_ASSERTIONS = NO;
				ENABLE_STRICT_OBJC_MSGSEND = YES;
				GCC_C_LANGUAGE_STANDARD = gnu99;
				GCC_NO_COMMON_BLOCKS = YES;
				GCC_WARN_64_TO_32_BIT_CONVERSION = YES;
				GCC_WARN_ABOUT_RETURN_TYPE = YES_ERROR;
				GCC_WARN_UNDECLARED_SELECTOR = YES;
				GCC_WARN_UNINITIALIZED_AUTOS = YES_AGGRESSIVE;
				GCC_WARN_UNUSED_FUNCTION = YES;
				GCC_WARN_UNUSED_VARIABLE = YES;
				IPHONEOS_DEPLOYMENT_TARGET = 10.0;
				MTL_ENABLE_DEBUG_INFO = NO;
				OTHER_SWIFT_FLAGS = "";
				SDKROOT = iphoneos;
				SWIFT_OPTIMIZATION_LEVEL = "-Owholemodule";
				VALIDATE_PRODUCT = YES;
			};
			name = Release;
		};
		CD507E331DE82A9B00E57F48 /* Debug */ = {
			isa = XCBuildConfiguration;
			baseConfigurationReference = 3D30D0ACEE541DD34F1B7539 /* Pods-Recipes-VNRecipes.debug.xcconfig */;
			buildSettings = {
				ASSETCATALOG_COMPILER_APPICON_NAME = AppIcon;
				CLANG_ENABLE_MODULES = YES;
				DEVELOPMENT_TEAM = JPES8SV6LU;
				INFOPLIST_FILE = "$(SRCROOT)/VNRecipes/Supporting Files/Info.plist";
				LD_RUNPATH_SEARCH_PATHS = "$(inherited) @executable_path/Frameworks";
				PRODUCT_BUNDLE_IDENTIFIER = sutrix.VNRecipes;
				PRODUCT_NAME = "$(TARGET_NAME)";
				SWIFT_OPTIMIZATION_LEVEL = "-Onone";
				SWIFT_VERSION = 3.0;
			};
			name = Debug;
		};
		CD507E341DE82A9B00E57F48 /* Release */ = {
			isa = XCBuildConfiguration;
			baseConfigurationReference = E936645CE0B938B55E93A888 /* Pods-Recipes-VNRecipes.release.xcconfig */;
			buildSettings = {
				ASSETCATALOG_COMPILER_APPICON_NAME = AppIcon;
				CLANG_ENABLE_MODULES = YES;
				DEVELOPMENT_TEAM = JPES8SV6LU;
				INFOPLIST_FILE = "$(SRCROOT)/VNRecipes/Supporting Files/Info.plist";
				LD_RUNPATH_SEARCH_PATHS = "$(inherited) @executable_path/Frameworks";
				PRODUCT_BUNDLE_IDENTIFIER = sutrix.VNRecipes;
				PRODUCT_NAME = "$(TARGET_NAME)";
				SWIFT_VERSION = 3.0;
			};
			name = Release;
		};
		F3B199221DF3FE32000D746F /* Debug */ = {
			isa = XCBuildConfiguration;
			baseConfigurationReference = E12E5B9B6E7AFFB65FC0DB1D /* Pods-Recipes-VNRecipes Dev.debug.xcconfig */;
			buildSettings = {
				ASSETCATALOG_COMPILER_APPICON_NAME = AppIcon;
				CODE_SIGN_IDENTITY = "";
				"CODE_SIGN_IDENTITY[sdk=iphoneos*]" = "iPhone Developer";
				DEVELOPMENT_TEAM = JPES8SV6LU;
				INFOPLIST_FILE = "VNRecipes Dev-Info.plist";
				LD_RUNPATH_SEARCH_PATHS = "$(inherited) @executable_path/Frameworks";
				PRODUCT_BUNDLE_IDENTIFIER = "sutrix.VNRecipes-Dev";
				PRODUCT_NAME = "$(TARGET_NAME)";
				SWIFT_VERSION = 3.0;
			};
			name = Debug;
		};
		F3B199231DF3FE32000D746F /* Release */ = {
			isa = XCBuildConfiguration;
			baseConfigurationReference = 9C9C3790AA8C3EEF2584EF1A /* Pods-Recipes-VNRecipes Dev.release.xcconfig */;
			buildSettings = {
				ASSETCATALOG_COMPILER_APPICON_NAME = AppIcon;
				CODE_SIGN_IDENTITY = "";
				"CODE_SIGN_IDENTITY[sdk=iphoneos*]" = "iPhone Developer";
				DEVELOPMENT_TEAM = JPES8SV6LU;
				INFOPLIST_FILE = "VNRecipes Dev-Info.plist";
				LD_RUNPATH_SEARCH_PATHS = "$(inherited) @executable_path/Frameworks";
				PRODUCT_BUNDLE_IDENTIFIER = "sutrix.VNRecipes-Dev";
				PRODUCT_NAME = "$(TARGET_NAME)";
				SWIFT_VERSION = 3.0;
			};
			name = Release;
		};
/* End XCBuildConfiguration section */

/* Begin XCConfigurationList section */
		CD507E1B1DE82A9A00E57F48 /* Build configuration list for PBXProject "VNRecipes" */ = {
			isa = XCConfigurationList;
			buildConfigurations = (
				CD507E301DE82A9B00E57F48 /* Debug */,
				CD507E311DE82A9B00E57F48 /* Release */,
			);
			defaultConfigurationIsVisible = 0;
			defaultConfigurationName = Release;
		};
		CD507E321DE82A9B00E57F48 /* Build configuration list for PBXNativeTarget "VNRecipes" */ = {
			isa = XCConfigurationList;
			buildConfigurations = (
				CD507E331DE82A9B00E57F48 /* Debug */,
				CD507E341DE82A9B00E57F48 /* Release */,
			);
			defaultConfigurationIsVisible = 0;
			defaultConfigurationName = Release;
		};
		F3B199211DF3FE32000D746F /* Build configuration list for PBXNativeTarget "VNRecipes Dev" */ = {
			isa = XCConfigurationList;
			buildConfigurations = (
				F3B199221DF3FE32000D746F /* Debug */,
				F3B199231DF3FE32000D746F /* Release */,
			);
			defaultConfigurationIsVisible = 0;
			defaultConfigurationName = Release;
		};
/* End XCConfigurationList section */
	};
	rootObject = CD507E181DE82A9A00E57F48 /* Project object */;
}
